
Microsoft Visual Studio Solution File, Format Version 12.00
# Visual Studio Version 17
VisualStudioVersion = 17.0.31903.59
MinimumVisualStudioVersion = 10.0.40219.1
Project("{FAE04EC0-301F-11D3-BF4B-00C04F79EFBC}") = "WebUI", "WebUI\WebUI.csproj", "{C34C416E-114F-4E4A-86D7-6E17E63B8FB5}"
EndProject
Global
	GlobalSection(SolutionConfigurationPlatforms) = preSolution
		Debug|Any CPU = Debug|Any CPU
		Release|Any CPU = Release|Any CPU
	EndGlobalSection
	GlobalSection(ProjectConfigurationPlatforms) = postSolution
		{C34C416E-114F-4E4A-86D7-6E17E63B8FB5}.Debug|Any CPU.ActiveCfg = Debug|Any CPU
		{C34C416E-114F-4E4A-86D7-6E17E63B8FB5}.Debug|Any CPU.Build.0 = Debug|Any CPU
		{C34C416E-114F-4E4A-86D7-6E17E63B8FB5}.Release|Any CPU.ActiveCfg = Release|Any CPU
		{C34C416E-114F-4E4A-86D7-6E17E63B8FB5}.Release|Any CPU.Build.0 = Release|Any CPU
	EndGlobalSection
	GlobalSection(SolutionProperties) = preSolution
		HideSolutionNode = FALSE
	EndGlobalSection
	GlobalSection(ExtensibilityGlobals) = postSolution
		SolutionGuid = {0E2A1410-AC25-4A00-B9E0-CA37C1ED6377}
	EndGlobalSection
EndGlobal
